Microsoft Visual Studio Solution File, Format Version 12.00
# Visual Studio Version 17
VisualStudioVersion = 17.5.2.0
MinimumVisualStudioVersion = 10.0.40219.1
Project("{FAE04EC0-301F-11D3-BF4B-00C04F79EFBC}") = "KhachHang", "KhachHang.csproj", "{3FD77B23-DF91-5C47-E01A-95A6BBD987A3}"
EndProject
Global
	GlobalSection(SolutionConfigurationPlatforms) = preSolution
		Debug|Any CPU = Debug|Any CPU
		Release|Any CPU = Release|Any CPU
	EndGlobalSection
	GlobalSection(ProjectConfigurationPlatforms) = postSolution
		{3FD77B23-DF91-5C47-E01A-95A6BBD987A3}.Debug|Any CPU.ActiveCfg = Debug|Any CPU
		{3FD77B23-DF91-5C47-E01A-95A6BBD987A3}.Debug|Any CPU.Build.0 = Debug|Any CPU
		{3FD77B23-DF91-5C47-E01A-95A6BBD987A3}.Release|Any CPU.ActiveCfg = Release|Any CPU
		{3FD77B23-DF91-5C47-E01A-95A6BBD987A3}.Release|Any CPU.Build.0 = Release|Any CPU
	EndGlobalSection
	GlobalSection(SolutionProperties) = preSolution
		HideSolutionNode = FALSE
	EndGlobalSection
	GlobalSection(ExtensibilityGlobals) = postSolution
		SolutionGuid = {461D909A-6821-4314-A94B-91C0D21961BC}
	EndGlobalSection
EndGlobal
