Microsoft Visual Studio Solution File, Format Version 12.00
# Visual Studio Version 17
VisualStudioVersion = 17.5.2.0
MinimumVisualStudioVersion = 10.0.40219.1
Project("{FAE04EC0-301F-11D3-BF4B-00C04F79EFBC}") = "KhachHangWeb", "KhachHangWeb.csproj", "{C8D29DA7-B200-ABA9-D84D-1894D25BCE10}"
EndProject
Global
	GlobalSection(SolutionConfigurationPlatforms) = preSolution
		Debug|Any CPU = Debug|Any CPU
		Release|Any CPU = Release|Any CPU
	EndGlobalSection
	GlobalSection(ProjectConfigurationPlatforms) = postSolution
		{C8D29DA7-B200-ABA9-D84D-1894D25BCE10}.Debug|Any CPU.ActiveCfg = Debug|Any CPU
		{C8D29DA7-B200-ABA9-D84D-1894D25BCE10}.Debug|Any CPU.Build.0 = Debug|Any CPU
		{C8D29DA7-B200-ABA9-D84D-1894D25BCE10}.Release|Any CPU.ActiveCfg = Release|Any CPU
		{C8D29DA7-B200-ABA9-D84D-1894D25BCE10}.Release|Any CPU.Build.0 = Release|Any CPU
	EndGlobalSection
	GlobalSection(SolutionProperties) = preSolution
		HideSolutionNode = FALSE
	EndGlobalSection
	GlobalSection(ExtensibilityGlobals) = postSolution
		SolutionGuid = {7493F541-9E77-45AD-91FD-D41E8E6AFFF4}
	EndGlobalSection
EndGlobal
